
Microsoft Visual Studio Solution File, Format Version 12.00
# Visual Studio Version 17
VisualStudioVersion = 17.3.32922.545
MinimumVisualStudioVersion = 10.0.40219.1
Project("{FAE04EC0-301F-11D3-BF4B-00C04F79EFBC}") = "Users", "Users\Users.csproj", "{73C009AF-F148-43A5-879F-D31627BE8DA4}"
EndProject
Project("{FAE04EC0-301F-11D3-BF4B-00C04F79EFBC}") = "UsersWinForms", "UsersWinForms\UsersWinForms.csproj", "{42BE1FBA-DF6F-4D5F-85A3-1D5EB8FA3BDA}"
EndProject
Project("{FAE04EC0-301F-11D3-BF4B-00C04F79EFBC}") = "UserControlsAndEvents", "UserControlsAndEvents\UserControlsAndEvents.csproj", "{4E6C0D8E-F42A-433B-AF40-FE83135DB952}"
EndProject
Global
	GlobalSection(SolutionConfigurationPlatforms) = preSolution
		Debug|Any CPU = Debug|Any CPU
		Release|Any CPU = Release|Any CPU
	EndGlobalSection
	GlobalSection(ProjectConfigurationPlatforms) = postSolution
		{73C009AF-F148-43A5-879F-D31627BE8DA4}.Debug|Any CPU.ActiveCfg = Debug|Any CPU
		{73C009AF-F148-43A5-879F-D31627BE8DA4}.Debug|Any CPU.Build.0 = Debug|Any CPU
		{73C009AF-F148-43A5-879F-D31627BE8DA4}.Release|Any CPU.ActiveCfg = Release|Any CPU
		{73C009AF-F148-43A5-879F-D31627BE8DA4}.Release|Any CPU.Build.0 = Release|Any CPU
		{42BE1FBA-DF6F-4D5F-85A3-1D5EB8FA3BDA}.Debug|Any CPU.ActiveCfg = Debug|Any CPU
		{42BE1FBA-DF6F-4D5F-85A3-1D5EB8FA3BDA}.Debug|Any CPU.Build.0 = Debug|Any CPU
		{42BE1FBA-DF6F-4D5F-85A3-1D5EB8FA3BDA}.Release|Any CPU.ActiveCfg = Release|Any CPU
		{42BE1FBA-DF6F-4D5F-85A3-1D5EB8FA3BDA}.Release|Any CPU.Build.0 = Release|Any CPU
		{4E6C0D8E-F42A-433B-AF40-FE83135DB952}.Debug|Any CPU.ActiveCfg = Debug|Any CPU
		{4E6C0D8E-F42A-433B-AF40-FE83135DB952}.Debug|Any CPU.Build.0 = Debug|Any CPU
		{4E6C0D8E-F42A-433B-AF40-FE83135DB952}.Release|Any CPU.ActiveCfg = Release|Any CPU
		{4E6C0D8E-F42A-433B-AF40-FE83135DB952}.Release|Any CPU.Build.0 = Release|Any CPU
	EndGlobalSection
	GlobalSection(SolutionProperties) = preSolution
		HideSolutionNode = FALSE
	EndGlobalSection
	GlobalSection(ExtensibilityGlobals) = postSolution
		SolutionGuid = {36A9B729-B1B9-467C-A4F3-F3605E469D78}
	EndGlobalSection
EndGlobal
