
Microsoft Visual Studio Solution File, Format Version 12.00
# Visual Studio Version 17
VisualStudioVersion = 17.3.32922.545
MinimumVisualStudioVersion = 10.0.40219.1
Project("{FAE04EC0-301F-11D3-BF4B-00C04F79EFBC}") = "Users", "Users\Users.csproj", "{73C009AF-F148-43A5-879F-D31627BE8DA4}"
EndProject
Project("{FAE04EC0-301F-11D3-BF4B-00C04F79EFBC}") = "UsersWinForms", "UsersWinForms\UsersWinForms.csproj", "{42BE1FBA-DF6F-4D5F-85A3-1D5EB8FA3BDA}"
EndProject
Project("{FAE04EC0-301F-11D3-BF4B-00C04F79EFBC}") = "UsersWpf", "UsersWpf\UsersWpf.csproj", "{C332A4DE-8276-41C2-8E1E-E5128EFAF971}"
EndProject
Project("{FAE04EC0-301F-11D3-BF4B-00C04F79EFBC}") = "UserControlsAndEvents", "UserControlsAndEvents\UserControlsAndEvents.csproj", "{4E6C0D8E-F42A-433B-AF40-FE83135DB952}"
EndProject
Project("{FAE04EC0-301F-11D3-BF4B-00C04F79EFBC}") = "UsersClassLibrary", "UsersClassLibrary\UsersClassLibrary.csproj", "{19AD5DE5-8E66-440C-B916-C28961555AC2}"
EndProject
Project("{FAE04EC0-301F-11D3-BF4B-00C04F79EFBC}") = "UsersWpfCaliburn", "UsersWpfCaliburn\UsersWpfCaliburn.csproj", "{83693B47-C6C2-4DE4-BCFC-9A03DD43A68E}"
EndProject
Project("{FAE04EC0-301F-11D3-BF4B-00C04F79EFBC}") = "UsersAdo", "UsersAdo\UsersAdo.csproj", "{4227B3CB-341A-4A3C-99F6-75416B02662B}"
EndProject
Project("{FAE04EC0-301F-11D3-BF4B-00C04F79EFBC}") = "UsersEF", "UsersEF\UsersEF.csproj", "{5B88F168-44D3-48C3-9562-A31EAC6A1BC8}"
EndProject
Global
	GlobalSection(SolutionConfigurationPlatforms) = preSolution
		Debug|Any CPU = Debug|Any CPU
		Release|Any CPU = Release|Any CPU
	EndGlobalSection
	GlobalSection(ProjectConfigurationPlatforms) = postSolution
		{73C009AF-F148-43A5-879F-D31627BE8DA4}.Debug|Any CPU.ActiveCfg = Debug|Any CPU
		{73C009AF-F148-43A5-879F-D31627BE8DA4}.Debug|Any CPU.Build.0 = Debug|Any CPU
		{73C009AF-F148-43A5-879F-D31627BE8DA4}.Release|Any CPU.ActiveCfg = Release|Any CPU
		{73C009AF-F148-43A5-879F-D31627BE8DA4}.Release|Any CPU.Build.0 = Release|Any CPU
		{42BE1FBA-DF6F-4D5F-85A3-1D5EB8FA3BDA}.Debug|Any CPU.ActiveCfg = Debug|Any CPU
		{42BE1FBA-DF6F-4D5F-85A3-1D5EB8FA3BDA}.Debug|Any CPU.Build.0 = Debug|Any CPU
		{42BE1FBA-DF6F-4D5F-85A3-1D5EB8FA3BDA}.Release|Any CPU.ActiveCfg = Release|Any CPU
		{42BE1FBA-DF6F-4D5F-85A3-1D5EB8FA3BDA}.Release|Any CPU.Build.0 = Release|Any CPU
		{C332A4DE-8276-41C2-8E1E-E5128EFAF971}.Debug|Any CPU.ActiveCfg = Debug|Any CPU
		{C332A4DE-8276-41C2-8E1E-E5128EFAF971}.Debug|Any CPU.Build.0 = Debug|Any CPU
		{C332A4DE-8276-41C2-8E1E-E5128EFAF971}.Release|Any CPU.ActiveCfg = Release|Any CPU
		{C332A4DE-8276-41C2-8E1E-E5128EFAF971}.Release|Any CPU.Build.0 = Release|Any CPU
		{4E6C0D8E-F42A-433B-AF40-FE83135DB952}.Debug|Any CPU.ActiveCfg = Debug|Any CPU
		{4E6C0D8E-F42A-433B-AF40-FE83135DB952}.Debug|Any CPU.Build.0 = Debug|Any CPU
		{4E6C0D8E-F42A-433B-AF40-FE83135DB952}.Release|Any CPU.ActiveCfg = Release|Any CPU
		{4E6C0D8E-F42A-433B-AF40-FE83135DB952}.Release|Any CPU.Build.0 = Release|Any CPU
		{19AD5DE5-8E66-440C-B916-C28961555AC2}.Debug|Any CPU.ActiveCfg = Debug|Any CPU
		{19AD5DE5-8E66-440C-B916-C28961555AC2}.Debug|Any CPU.Build.0 = Debug|Any CPU
		{19AD5DE5-8E66-440C-B916-C28961555AC2}.Release|Any CPU.ActiveCfg = Release|Any CPU
		{19AD5DE5-8E66-440C-B916-C28961555AC2}.Release|Any CPU.Build.0 = Release|Any CPU
		{83693B47-C6C2-4DE4-BCFC-9A03DD43A68E}.Debug|Any CPU.ActiveCfg = Debug|Any CPU
		{83693B47-C6C2-4DE4-BCFC-9A03DD43A68E}.Debug|Any CPU.Build.0 = Debug|Any CPU
		{83693B47-C6C2-4DE4-BCFC-9A03DD43A68E}.Release|Any CPU.ActiveCfg = Release|Any CPU
		{83693B47-C6C2-4DE4-BCFC-9A03DD43A68E}.Release|Any CPU.Build.0 = Release|Any CPU
		{4227B3CB-341A-4A3C-99F6-75416B02662B}.Debug|Any CPU.ActiveCfg = Debug|Any CPU
		{4227B3CB-341A-4A3C-99F6-75416B02662B}.Debug|Any CPU.Build.0 = Debug|Any CPU
		{4227B3CB-341A-4A3C-99F6-75416B02662B}.Release|Any CPU.ActiveCfg = Release|Any CPU
		{4227B3CB-341A-4A3C-99F6-75416B02662B}.Release|Any CPU.Build.0 = Release|Any CPU
		{5B88F168-44D3-48C3-9562-A31EAC6A1BC8}.Debug|Any CPU.ActiveCfg = Debug|Any CPU
		{5B88F168-44D3-48C3-9562-A31EAC6A1BC8}.Debug|Any CPU.Build.0 = Debug|Any CPU
		{5B88F168-44D3-48C3-9562-A31EAC6A1BC8}.Release|Any CPU.ActiveCfg = Release|Any CPU
		{5B88F168-44D3-48C3-9562-A31EAC6A1BC8}.Release|Any CPU.Build.0 = Release|Any CPU
	EndGlobalSection
	GlobalSection(SolutionProperties) = preSolution
		HideSolutionNode = FALSE
	EndGlobalSection
	GlobalSection(ExtensibilityGlobals) = postSolution
		SolutionGuid = {36A9B729-B1B9-467C-A4F3-F3605E469D78}
	EndGlobalSection
EndGlobal
